
Microsoft Visual Studio Solution File, Format Version 12.00
# Visual Studio Version 17
VisualStudioVersion = 17.9.34622.214
MinimumVisualStudioVersion = 10.0.40219.1
Project("{FAE04EC0-301F-11D3-BF4B-00C04F79EFBC}") = "UnityLogger", "UnityLogger.csproj", "{90124A24-9057-4231-A78F-3E61797326BF}"
EndProject
Global
	GlobalSection(SolutionConfigurationPlatforms) = preSolution
		Debug-BepInEx|Any CPU = Debug-BepInEx|Any CPU
		Debug-MelonLoader|Any CPU = Debug-MelonLoader|Any CPU
		Release-BepInEx|Any CPU = Release-BepInEx|Any CPU
		Release-MelonLoader|Any CPU = Release-MelonLoader|Any CPU
	EndGlobalSection
	GlobalSection(ProjectConfigurationPlatforms) = postSolution
		{90124A24-9057-4231-A78F-3E61797326BF}.Debug-BepInEx|Any CPU.ActiveCfg = Debug-BepInEx|Any CPU
		{90124A24-9057-4231-A78F-3E61797326BF}.Debug-BepInEx|Any CPU.Build.0 = Debug-BepInEx|Any CPU
		{90124A24-9057-4231-A78F-3E61797326BF}.Debug-MelonLoader|Any CPU.ActiveCfg = Debug-MelonLoader|Any CPU
		{90124A24-9057-4231-A78F-3E61797326BF}.Debug-MelonLoader|Any CPU.Build.0 = Debug-MelonLoader|Any CPU
		{90124A24-9057-4231-A78F-3E61797326BF}.Release-BepInEx|Any CPU.ActiveCfg = Release-BepInEx|Any CPU
		{90124A24-9057-4231-A78F-3E61797326BF}.Release-BepInEx|Any CPU.Build.0 = Release-BepInEx|Any CPU
		{90124A24-9057-4231-A78F-3E61797326BF}.Release-MelonLoader|Any CPU.ActiveCfg = Release-MelonLoader|Any CPU
		{90124A24-9057-4231-A78F-3E61797326BF}.Release-MelonLoader|Any CPU.Build.0 = Release-MelonLoader|Any CPU
	EndGlobalSection
	GlobalSection(SolutionProperties) = preSolution
		HideSolutionNode = FALSE
	EndGlobalSection
	GlobalSection(ExtensibilityGlobals) = postSolution
		SolutionGuid = {AA4EC592-33FD-48E4-A5C5-9F927F8B5367}
	EndGlobalSection
EndGlobal
